
Microsoft Visual Studio Solution File, Format Version 12.00
# Visual Studio Version 17
VisualStudioVersion = 17.9.34616.47
MinimumVisualStudioVersion = 10.0.40219.1
Project("{FAE04EC0-301F-11D3-BF4B-00C04F79EFBC}") = "CMSS", "CMSS\CMSS.csproj", "{239DC414-ED12-4139-BDA8-652C10CA266C}"
EndProject
Global
	GlobalSection(SolutionConfigurationPlatforms) = preSolution
		Debug|Any CPU = Debug|Any CPU
		Release|Any CPU = Release|Any CPU
	EndGlobalSection
	GlobalSection(ProjectConfigurationPlatforms) = postSolution
		{239DC414-ED12-4139-BDA8-652C10CA266C}.Debug|Any CPU.ActiveCfg = Debug|Any CPU
		{239DC414-ED12-4139-BDA8-652C10CA266C}.Debug|Any CPU.Build.0 = Debug|Any CPU
		{239DC414-ED12-4139-BDA8-652C10CA266C}.Release|Any CPU.ActiveCfg = Release|Any CPU
		{239DC414-ED12-4139-BDA8-652C10CA266C}.Release|Any CPU.Build.0 = Release|Any CPU
	EndGlobalSection
	GlobalSection(SolutionProperties) = preSolution
		HideSolutionNode = FALSE
	EndGlobalSection
	GlobalSection(ExtensibilityGlobals) = postSolution
		SolutionGuid = {693D6D68-8A88-4ADB-9B9A-5969CEB8A598}
	EndGlobalSection
EndGlobal
